
Microsoft Visual Studio Solution File, Format Version 12.00
# Visual Studio Version 17
VisualStudioVersion = 17.5.002.0
MinimumVisualStudioVersion = 10.0.40219.1
Project("{9A19103F-16F7-4668-BE54-9A1E7A4F7556}") = "MFestProject", "MFestProject.csproj", "{546DD082-FB1C-430C-91B9-981EF3917BE6}"
EndProject
Global
	GlobalSection(SolutionConfigurationPlatforms) = preSolution
		Debug|Any CPU = Debug|Any CPU
		Release|Any CPU = Release|Any CPU
	EndGlobalSection
	GlobalSection(ProjectConfigurationPlatforms) = postSolution
		{546DD082-FB1C-430C-91B9-981EF3917BE6}.Debug|Any CPU.ActiveCfg = Debug|Any CPU
		{546DD082-FB1C-430C-91B9-981EF3917BE6}.Debug|Any CPU.Build.0 = Debug|Any CPU
		{546DD082-FB1C-430C-91B9-981EF3917BE6}.Release|Any CPU.ActiveCfg = Release|Any CPU
		{546DD082-FB1C-430C-91B9-981EF3917BE6}.Release|Any CPU.Build.0 = Release|Any CPU
	EndGlobalSection
	GlobalSection(SolutionProperties) = preSolution
		HideSolutionNode = FALSE
	EndGlobalSection
	GlobalSection(ExtensibilityGlobals) = postSolution
		SolutionGuid = {70DB7C86-3E4E-4514-9D89-C2B812FA3E71}
	EndGlobalSection
EndGlobal
